
Microsoft Visual Studio Solution File, Format Version 12.00
# Visual Studio 15
VisualStudioVersion = 15.0.27703.2026
MinimumVisualStudioVersion = 10.0.40219.1
Project("{2150E333-8FDC-42A3-9474-1A3956D46DE8}") = "src", "src", "{F35D7089-770B-4BD9-A9D7-15FD3637B482}"
EndProject
Project("{2150E333-8FDC-42A3-9474-1A3956D46DE8}") = "tests", "tests", "{51D0196F-A8F3-4EEA-B5C8-11DFC4938FAB}"
EndProject
Project("{9A19103F-16F7-4668-BE54-9A1E7A4F7556}") = "sspx.core", "sspx.core\sspx.core.csproj", "{DFA57108-4F55-4B5B-855B-C246FEB114A8}"
EndProject
Project("{9A19103F-16F7-4668-BE54-9A1E7A4F7556}") = "sspx.infra", "sspx.infra\sspx.infra.csproj", "{8A128EDA-74B5-4DA1-8670-F3D4F2BF7AC0}"
EndProject
Project("{9A19103F-16F7-4668-BE54-9A1E7A4F7556}") = "sspx.tests", "sspx.tests\sspx.tests.csproj", "{17EE264C-66F7-4444-B29D-482E2116C53D}"
EndProject
Project("{9A19103F-16F7-4668-BE54-9A1E7A4F7556}") = "sspx", "sspx.web\sspx.csproj", "{0D801BBF-9884-4FD1-BD3D-DB8BBE275FA5}"
EndProject
Project("{9A19103F-16F7-4668-BE54-9A1E7A4F7556}") = "sspx.api.models", "sspx.apimodels\sspx.api.models.csproj", "{B991F98F-ECE6-4C07-9C25-006042A2C76D}"
EndProject
Project("{9A19103F-16F7-4668-BE54-9A1E7A4F7556}") = "sspx.infra.tests", "sspx.infra.tests\sspx.infra.tests.csproj", "{4D625D7B-F0F3-4D8A-B3C0-74BF55571CE1}"
EndProject
Global
	GlobalSection(SolutionConfigurationPlatforms) = preSolution
		Debug|Any CPU = Debug|Any CPU
		Release|Any CPU = Release|Any CPU
	EndGlobalSection
	GlobalSection(ProjectConfigurationPlatforms) = postSolution
		{DFA57108-4F55-4B5B-855B-C246FEB114A8}.Debug|Any CPU.ActiveCfg = Debug|Any CPU
		{DFA57108-4F55-4B5B-855B-C246FEB114A8}.Debug|Any CPU.Build.0 = Debug|Any CPU
		{DFA57108-4F55-4B5B-855B-C246FEB114A8}.Release|Any CPU.ActiveCfg = Release|Any CPU
		{DFA57108-4F55-4B5B-855B-C246FEB114A8}.Release|Any CPU.Build.0 = Release|Any CPU
		{8A128EDA-74B5-4DA1-8670-F3D4F2BF7AC0}.Debug|Any CPU.ActiveCfg = Debug|Any CPU
		{8A128EDA-74B5-4DA1-8670-F3D4F2BF7AC0}.Debug|Any CPU.Build.0 = Debug|Any CPU
		{8A128EDA-74B5-4DA1-8670-F3D4F2BF7AC0}.Release|Any CPU.ActiveCfg = Release|Any CPU
		{8A128EDA-74B5-4DA1-8670-F3D4F2BF7AC0}.Release|Any CPU.Build.0 = Release|Any CPU
		{17EE264C-66F7-4444-B29D-482E2116C53D}.Debug|Any CPU.ActiveCfg = Debug|Any CPU
		{17EE264C-66F7-4444-B29D-482E2116C53D}.Debug|Any CPU.Build.0 = Debug|Any CPU
		{17EE264C-66F7-4444-B29D-482E2116C53D}.Release|Any CPU.ActiveCfg = Release|Any CPU
		{17EE264C-66F7-4444-B29D-482E2116C53D}.Release|Any CPU.Build.0 = Release|Any CPU
		{0D801BBF-9884-4FD1-BD3D-DB8BBE275FA5}.Debug|Any CPU.ActiveCfg = Debug|Any CPU
		{0D801BBF-9884-4FD1-BD3D-DB8BBE275FA5}.Debug|Any CPU.Build.0 = Debug|Any CPU
		{0D801BBF-9884-4FD1-BD3D-DB8BBE275FA5}.Release|Any CPU.ActiveCfg = Release|Any CPU
		{0D801BBF-9884-4FD1-BD3D-DB8BBE275FA5}.Release|Any CPU.Build.0 = Release|Any CPU
		{B991F98F-ECE6-4C07-9C25-006042A2C76D}.Debug|Any CPU.ActiveCfg = Debug|Any CPU
		{B991F98F-ECE6-4C07-9C25-006042A2C76D}.Debug|Any CPU.Build.0 = Debug|Any CPU
		{B991F98F-ECE6-4C07-9C25-006042A2C76D}.Release|Any CPU.ActiveCfg = Release|Any CPU
		{B991F98F-ECE6-4C07-9C25-006042A2C76D}.Release|Any CPU.Build.0 = Release|Any CPU
		{4D625D7B-F0F3-4D8A-B3C0-74BF55571CE1}.Debug|Any CPU.ActiveCfg = Debug|Any CPU
		{4D625D7B-F0F3-4D8A-B3C0-74BF55571CE1}.Debug|Any CPU.Build.0 = Debug|Any CPU
		{4D625D7B-F0F3-4D8A-B3C0-74BF55571CE1}.Release|Any CPU.ActiveCfg = Release|Any CPU
		{4D625D7B-F0F3-4D8A-B3C0-74BF55571CE1}.Release|Any CPU.Build.0 = Release|Any CPU
	EndGlobalSection
	GlobalSection(SolutionProperties) = preSolution
		HideSolutionNode = FALSE
	EndGlobalSection
	GlobalSection(NestedProjects) = preSolution
		{DFA57108-4F55-4B5B-855B-C246FEB114A8} = {F35D7089-770B-4BD9-A9D7-15FD3637B482}
		{8A128EDA-74B5-4DA1-8670-F3D4F2BF7AC0} = {F35D7089-770B-4BD9-A9D7-15FD3637B482}
		{17EE264C-66F7-4444-B29D-482E2116C53D} = {51D0196F-A8F3-4EEA-B5C8-11DFC4938FAB}
		{0D801BBF-9884-4FD1-BD3D-DB8BBE275FA5} = {F35D7089-770B-4BD9-A9D7-15FD3637B482}
		{B991F98F-ECE6-4C07-9C25-006042A2C76D} = {F35D7089-770B-4BD9-A9D7-15FD3637B482}
		{4D625D7B-F0F3-4D8A-B3C0-74BF55571CE1} = {51D0196F-A8F3-4EEA-B5C8-11DFC4938FAB}
	EndGlobalSection
	GlobalSection(ExtensibilityGlobals) = postSolution
		SolutionGuid = {16A31F7A-10BE-41A0-8BE1-18B475B25324}
	EndGlobalSection
EndGlobal
